// !$*UTF8*$!
{
	archiveVersion = 1;
	classes = {
	};
	objectVersion = 46;
	objects = {

/* Begin PBXBuildFile section */
		02E97F9DD660F40346E4047B /* Pods_Instagram.framework in Frameworks */ = {isa = PBXBuildFile; fileRef = 837E9EF08804C47ED241C38E /* Pods_Instagram.framework */; };
		9012F7E81E6B722800ED83DF /* HomelineViewController.swift in Sources */ = {isa = PBXBuildFile; fileRef = 9012F7E71E6B722800ED83DF /* HomelineViewController.swift */; };
		9012F7EF1E6C86A100ED83DF /* ImageViewController.swift in Sources */ = {isa = PBXBuildFile; fileRef = 9012F7EE1E6C86A100ED83DF /* ImageViewController.swift */; };
		9012F7F11E6CD23F00ED83DF /* Post.swift in Sources */ = {isa = PBXBuildFile; fileRef = 9012F7F01E6CD23F00ED83DF /* Post.swift */; };
		9012F7F41E6CE4F100ED83DF /* PostCell.swift in Sources */ = {isa = PBXBuildFile; fileRef = 9012F7F31E6CE4F100ED83DF /* PostCell.swift */; };
		9047ED5F1E6B090A00406F55 /* AppDelegate.swift in Sources */ = {isa = PBXBuildFile; fileRef = 9047ED5E1E6B090A00406F55 /* AppDelegate.swift */; };
		9047ED641E6B090A00406F55 /* Main.storyboard in Resources */ = {isa = PBXBuildFile; fileRef = 9047ED621E6B090A00406F55 /* Main.storyboard */; };
		9047ED661E6B090A00406F55 /* Assets.xcassets in Resources */ = {isa = PBXBuildFile; fileRef = 9047ED651E6B090A00406F55 /* Assets.xcassets */; };
		9047ED691E6B090A00406F55 /* LaunchScreen.storyboard in Resources */ = {isa = PBXBuildFile; fileRef = 9047ED671E6B090A00406F55 /* LaunchScreen.storyboard */; };
		9047ED711E6B6A5700406F55 /* LoginViewController.swift in Sources */ = {isa = PBXBuildFile; fileRef = 9047ED701E6B6A5700406F55 /* LoginViewController.swift */; };
/* End PBXBuildFile section */

/* Begin PBXFileReference section */
		1B494AC73BC6CF06594AB1D0 /* Pods-Instagram.debug.xcconfig */ = {isa = PBXFileReference; includeInIndex = 1; lastKnownFileType = text.xcconfig; name = "Pods-Instagram.debug.xcconfig"; path = "Pods/Target Support Files/Pods-Instagram/Pods-Instagram.debug.xcconfig"; sourceTree = "<group>"; };
		325168C970EA45292041A0BC /* Pods-Instagram.release.xcconfig */ = {isa = PBXFileReference; includeInIndex = 1; lastKnownFileType = text.xcconfig; name = "Pods-Instagram.release.xcconfig"; path = "Pods/Target Support Files/Pods-Instagram/Pods-Instagram.release.xcconfig"; sourceTree = "<group>"; };
		837E9EF08804C47ED241C38E /* Pods_Instagram.framework */ = {isa = PBXFileReference; explicitFileType = wrapper.framework; includeInIndex = 0; path = Pods_Instagram.framework; sourceTree = BUILT_PRODUCTS_DIR; };
		9012F7E71E6B722800ED83DF /* HomelineViewController.swift */ = {isa = PBXFileReference; fileEncoding = 4; lastKnownFileType = sourcecode.swift; path = HomelineViewController.swift; sourceTree = "<group>"; };
		9012F7EE1E6C86A100ED83DF /* ImageViewController.swift */ = {isa = PBXFileReference; fileEncoding = 4; lastKnownFileType = sourcecode.swift; path = ImageViewController.swift; sourceTree = "<group>"; };
		9012F7F01E6CD23F00ED83DF /* Post.swift */ = {isa = PBXFileReference; fileEncoding = 4; lastKnownFileType = sourcecode.swift; path = Post.swift; sourceTree = "<group>"; };
		9012F7F31E6CE4F100ED83DF /* PostCell.swift */ = {isa = PBXFileReference; fileEncoding = 4; lastKnownFileType = sourcecode.swift; path = PostCell.swift; sourceTree = "<group>"; };
		9047ED5B1E6B090A00406F55 /* Instagram.app */ = {isa = PBXFileReference; explicitFileType = wrapper.application; includeInIndex = 0; path = Instagram.app; sourceTree = BUILT_PRODUCTS_DIR; };
		9047ED5E1E6B090A00406F55 /* AppDelegate.swift */ = {isa = PBXFileReference; lastKnownFileType = sourcecode.swift; path = AppDelegate.swift; sourceTree = "<group>"; };
		9047ED631E6B090A00406F55 /* Base */ = {isa = PBXFileReference; lastKnownFileType = file.storyboard; name = Base; path = Base.lproj/Main.storyboard; sourceTree = "<group>"; };
		9047ED651E6B090A00406F55 /* Assets.xcassets */ = {isa = PBXFileReference; lastKnownFileType = folder.assetcatalog; path = Assets.xcassets; sourceTree = "<group>"; };
		9047ED681E6B090A00406F55 /* Base */ = {isa = PBXFileReference; lastKnownFileType = file.storyboard; name = Base; path = Base.lproj/LaunchScreen.storyboard; sourceTree = "<group>"; };
		9047ED6A1E6B090A00406F55 /* Info.plist */ = {isa = PBXFileReference; lastKnownFileType = text.plist.xml; path = Info.plist; sourceTree = "<group>"; };
		9047ED701E6B6A5700406F55 /* LoginViewController.swift */ = {isa = PBXFileReference; fileEncoding = 4; lastKnownFileType = sourcecode.swift; path = LoginViewController.swift; sourceTree = "<group>"; };
/* End PBXFileReference section */

/* Begin PBXFrameworksBuildPhase section */
		9047ED581E6B090A00406F55 /* Frameworks */ = {
			isa = PBXFrameworksBuildPhase;
			buildActionMask = 2147483647;
			files = (
				02E97F9DD660F40346E4047B /* Pods_Instagram.framework in Frameworks */,
			);
			runOnlyForDeploymentPostprocessing = 0;
		};
/* End PBXFrameworksBuildPhase section */

/* Begin PBXGroup section */
		2E198C52535CC322F1293CB1 /* Frameworks */ = {
			isa = PBXGroup;
			children = (
				837E9EF08804C47ED241C38E /* Pods_Instagram.framework */,
			);
			name = Frameworks;
			sourceTree = "<group>";
		};
		9012F7F21E6CE32400ED83DF /* View Controller */ = {
			isa = PBXGroup;
			children = (
				9012F7E71E6B722800ED83DF /* HomelineViewController.swift */,
				9012F7EE1E6C86A100ED83DF /* ImageViewController.swift */,
				9047ED701E6B6A5700406F55 /* LoginViewController.swift */,
			);
			name = "View Controller";
			sourceTree = "<group>";
		};
		9012F7F61E6CF01000ED83DF /* Client */ = {
			isa = PBXGroup;
			children = (
				9012F7F01E6CD23F00ED83DF /* Post.swift */,
			);
			name = Client;
			sourceTree = "<group>";
		};
		9012F7F81E6CF76700ED83DF /* Cell */ = {
			isa = PBXGroup;
			children = (
				9012F7F31E6CE4F100ED83DF /* PostCell.swift */,
			);
			name = Cell;
			sourceTree = "<group>";
		};
		9047ED521E6B090A00406F55 = {
			isa = PBXGroup;
			children = (
				9047ED5D1E6B090A00406F55 /* Instagram */,
				9047ED5C1E6B090A00406F55 /* Products */,
				92DA8B5105981B2B8B033634 /* Pods */,
				2E198C52535CC322F1293CB1 /* Frameworks */,
			);
			sourceTree = "<group>";
		};
		9047ED5C1E6B090A00406F55 /* Products */ = {
			isa = PBXGroup;
			children = (
				9047ED5B1E6B090A00406F55 /* Instagram.app */,
			);
			name = Products;
			sourceTree = "<group>";
		};
		9047ED5D1E6B090A00406F55 /* Instagram */ = {
			isa = PBXGroup;
			children = (
				9012F7F81E6CF76700ED83DF /* Cell */,
				9012F7F61E6CF01000ED83DF /* Client */,
				9012F7F21E6CE32400ED83DF /* View Controller */,
				9047ED5E1E6B090A00406F55 /* AppDelegate.swift */,
				9047ED621E6B090A00406F55 /* Main.storyboard */,
				9047ED651E6B090A00406F55 /* Assets.xcassets */,
				9047ED671E6B090A00406F55 /* LaunchScreen.storyboard */,
				9047ED6A1E6B090A00406F55 /* Info.plist */,
			);
			path = Instagram;
			sourceTree = "<group>";
		};
		92DA8B5105981B2B8B033634 /* Pods */ = {
			isa = PBXGroup;
			children = (
				1B494AC73BC6CF06594AB1D0 /* Pods-Instagram.debug.xcconfig */,
				325168C970EA45292041A0BC /* Pods-Instagram.release.xcconfig */,
			);
			name = Pods;
			sourceTree = "<group>";
		};
/* End PBXGroup section */

/* Begin PBXNativeTarget section */
		9047ED5A1E6B090A00406F55 /* Instagram */ = {
			isa = PBXNativeTarget;
			buildConfigurationList = 9047ED6D1E6B090A00406F55 /* Build configuration list for PBXNativeTarget "Instagram" */;
			buildPhases = (
				5CCEF32036FA3E230DC66260 /* [CP] Check Pods Manifest.lock */,
				9047ED571E6B090A00406F55 /* Sources */,
				9047ED581E6B090A00406F55 /* Frameworks */,
				9047ED591E6B090A00406F55 /* Resources */,
				FEF875E284F24D1B462BF214 /* [CP] Embed Pods Frameworks */,
				E32BEFF9AD36E6B629EB2640 /* [CP] Copy Pods Resources */,
			);
			buildRules = (
			);
			dependencies = (
			);
			name = Instagram;
			productName = Instagram;
			productReference = 9047ED5B1E6B090A00406F55 /* Instagram.app */;
			productType = "com.apple.product-type.application";
		};
/* End PBXNativeTarget section */

/* Begin PBXProject section */
		9047ED531E6B090A00406F55 /* Project object */ = {
			isa = PBXProject;
			attributes = {
				LastSwiftUpdateCheck = 0820;
				LastUpgradeCheck = 0820;
				ORGANIZATIONNAME = "Jianyi Gao";
				TargetAttributes = {
					9047ED5A1E6B090A00406F55 = {
						CreatedOnToolsVersion = 8.2.1;
						DevelopmentTeam = 32J7X3GN59;
						ProvisioningStyle = Automatic;
					};
				};
			};
			buildConfigurationList = 9047ED561E6B090A00406F55 /* Build configuration list for PBXProject "Instagram" */;
			compatibilityVersion = "Xcode 3.2";
			developmentRegion = English;
			hasScannedForEncodings = 0;
			knownRegions = (
				en,
				Base,
			);
			mainGroup = 9047ED521E6B090A00406F55;
			productRefGroup = 9047ED5C1E6B090A00406F55 /* Products */;
			projectDirPath = "";
			projectRoot = "";
			targets = (
				9047ED5A1E6B090A00406F55 /* Instagram */,
			);
		};
/* End PBXProject section */

/* Begin PBXResourcesBuildPhase section */
		9047ED591E6B090A00406F55 /* Resources */ = {
			isa = PBXResourcesBuildPhase;
			buildActionMask = 2147483647;
			files = (
				9047ED691E6B090A00406F55 /* LaunchScreen.storyboard in Resources */,
				9047ED661E6B090A00406F55 /* Assets.xcassets in Resources */,
				9047ED641E6B090A00406F55 /* Main.storyboard in Resources */,
			);
			runOnlyForDeploymentPostprocessing = 0;
		};
/* End PBXResourcesBuildPhase section */

/* Begin PBXShellScriptBuildPhase section */
		5CCEF32036FA3E230DC66260 /* [CP] Check Pods Manifest.lock */ = {
			isa = PBXShellScriptBuildPhase;
			buildActionMask = 2147483647;
			files = (
			);
			inputPaths = (
			);
			name = "[CP] Check Pods Manifest.lock";
			outputPaths = (
			);
			runOnlyForDeploymentPostprocessing = 0;
			shellPath = /bin/sh;
			shellScript = "diff \"${PODS_ROOT}/../Podfile.lock\" \"${PODS_ROOT}/Manifest.lock\" > /dev/null\nif [ $? != 0 ] ; then\n    # print error to STDERR\n    echo \"error: The sandbox is not in sync with the Podfile.lock. Run 'pod install' or update your CocoaPods installation.\" >&2\n    exit 1\nfi\n";
			showEnvVarsInLog = 0;
		};
		E32BEFF9AD36E6B629EB2640 /* [CP] Copy Pods Resources */ = {
			isa = PBXShellScriptBuildPhase;
			buildActionMask = 2147483647;
			files = (
			);
			inputPaths = (
			);
			name = "[CP] Copy Pods Resources";
			outputPaths = (
			);
			runOnlyForDeploymentPostprocessing = 0;
			shellPath = /bin/sh;
			shellScript = "\"${SRCROOT}/Pods/Target Support Files/Pods-Instagram/Pods-Instagram-resources.sh\"\n";
			showEnvVarsInLog = 0;
		};
		FEF875E284F24D1B462BF214 /* [CP] Embed Pods Frameworks */ = {
			isa = PBXShellScriptBuildPhase;
			buildActionMask = 2147483647;
			files = (
			);
			inputPaths = (
			);
			name = "[CP] Embed Pods Frameworks";
			outputPaths = (
			);
			runOnlyForDeploymentPostprocessing = 0;
			shellPath = /bin/sh;
			shellScript = "\"${SRCROOT}/Pods/Target Support Files/Pods-Instagram/Pods-Instagram-frameworks.sh\"\n";
			showEnvVarsInLog = 0;
		};
/* End PBXShellScriptBuildPhase section */

/* Begin PBXSourcesBuildPhase section */
		9047ED571E6B090A00406F55 /* Sources */ = {
			isa = PBXSourcesBuildPhase;
			buildActionMask = 2147483647;
			files = (
				9047ED711E6B6A5700406F55 /* LoginViewController.swift in Sources */,
				9047ED5F1E6B090A00406F55 /* AppDelegate.swift in Sources */,
				9012F7EF1E6C86A100ED83DF /* ImageViewController.swift in Sources */,
				9012F7E81E6B722800ED83DF /* HomelineViewController.swift in Sources */,
				9012F7F11E6CD23F00ED83DF /* Post.swift in Sources */,
				9012F7F41E6CE4F100ED83DF /* PostCell.swift in Sources */,
			);
			runOnlyForDeploymentPostprocessing = 0;
		};
/* End PBXSourcesBuildPhase section */

/* Begin PBXVariantGroup section */
		9047ED621E6B090A00406F55 /* Main.storyboard */ = {
			isa = PBXVariantGroup;
			children = (
				9047ED631E6B090A00406F55 /* Base */,
			);
			name = Main.storyboard;
			sourceTree = "<group>";
		};
		9047ED671E6B090A00406F55 /* LaunchScreen.storyboard */ = {
			isa = PBXVariantGroup;
			children = (
				9047ED681E6B090A00406F55 /* Base */,
			);
			name = LaunchScreen.storyboard;
			sourceTree = "<group>";
		};
/* End PBXVariantGroup section */

/* Begin XCBuildConfiguration section */
		9047ED6B1E6B090A00406F55 /* Debug */ = {
			isa = XCBuildConfiguration;
			buildSettings = {
				ALWAYS_SEARCH_USER_PATHS = NO;
				CLANG_ANALYZER_NONNULL = YES;
				CLANG_CXX_LANGUAGE_STANDARD = "gnu++0x";
				CLANG_CXX_LIBRARY = "libc++";
				CLANG_ENABLE_MODULES = YES;
				CLANG_ENABLE_OBJC_ARC = YES;
				CLANG_WARN_BOOL_CONVERSION = YES;
				CLANG_WARN_CONSTANT_CONVERSION = YES;
				CLANG_WARN_DIRECT_OBJC_ISA_USAGE = YES_ERROR;
				CLANG_WARN_DOCUMENTATION_COMMENTS = YES;
				CLANG_WARN_EMPTY_BODY = YES;
				CLANG_WARN_ENUM_CONVERSION = YES;
				CLANG_WARN_INFINITE_RECURSION = YES;
				CLANG_WARN_INT_CONVERSION = YES;
				CLANG_WARN_OBJC_ROOT_CLASS = YES_ERROR;
				CLANG_WARN_SUSPICIOUS_MOVE = YES;
				CLANG_WARN_UNREACHABLE_CODE = YES;
				CLANG_WARN__DUPLICATE_METHOD_MATCH = YES;
				"CODE_SIGN_IDENTITY[sdk=iphoneos*]" = "iPhone Developer";
				COPY_PHASE_STRIP = NO;
				DEBUG_INFORMATION_FORMAT = dwarf;
				ENABLE_STRICT_OBJC_MSGSEND = YES;
				ENABLE_TESTABILITY = YES;
				GCC_C_LANGUAGE_STANDARD = gnu99;
				GCC_DYNAMIC_NO_PIC = NO;
				GCC_NO_COMMON_BLOCKS = YES;
				GCC_OPTIMIZATION_LEVEL = 0;
				GCC_PREPROCESSOR_DEFINITIONS = (
					"DEBUG=1",
					"$(inherited)",
				);
				GCC_WARN_64_TO_32_BIT_CONVERSION = YES;
				GCC_WARN_ABOUT_RETURN_TYPE = YES_ERROR;
				GCC_WARN_UNDECLARED_SELECTOR = YES;
				GCC_WARN_UNINITIALIZED_AUTOS = YES_AGGRESSIVE;
				GCC_WARN_UNUSED_FUNCTION = YES;
				GCC_WARN_UNUSED_VARIABLE = YES;
				IPHONEOS_DEPLOYMENT_TARGET = 10.2;
				MTL_ENABLE_DEBUG_INFO = YES;
				ONLY_ACTIVE_ARCH = YES;
				SDKROOT = iphoneos;
				SWIFT_ACTIVE_COMPILATION_CONDITIONS = DEBUG;
				SWIFT_OPTIMIZATION_LEVEL = "-Onone";
			};
			name = Debug;
		};
		9047ED6C1E6B090A00406F55 /* Release */ = {
			isa = XCBuildConfiguration;
			buildSettings = {
				ALWAYS_SEARCH_USER_PATHS = NO;
				CLANG_ANALYZER_NONNULL = YES;
				CLANG_CXX_LANGUAGE_STANDARD = "gnu++0x";
				CLANG_CXX_LIBRARY = "libc++";
				CLANG_ENABLE_MODULES = YES;
				CLANG_ENABLE_OBJC_ARC = YES;
				CLANG_WARN_BOOL_CONVERSION = YES;
				CLANG_WARN_CONSTANT_CONVERSION = YES;
				CLANG_WARN_DIRECT_OBJC_ISA_USAGE = YES_ERROR;
				CLANG_WARN_DOCUMENTATION_COMMENTS = YES;
				CLANG_WARN_EMPTY_BODY = YES;
				CLANG_WARN_ENUM_CONVERSION = YES;
				CLANG_WARN_INFINITE_RECURSION = YES;
				CLANG_WARN_INT_CONVERSION = YES;
				CLANG_WARN_OBJC_ROOT_CLASS = YES_ERROR;
				CLANG_WARN_SUSPICIOUS_MOVE = YES;
				CLANG_WARN_UNREACHABLE_CODE = YES;
				CLANG_WARN__DUPLICATE_METHOD_MATCH = YES;
				"CODE_SIGN_IDENTITY[sdk=iphoneos*]" = "iPhone Developer";
				COPY_PHASE_STRIP = NO;
				DEBUG_INFORMATION_FORMAT = "dwarf-with-dsym";
				ENABLE_NS_ASSERTIONS = NO;
				ENABLE_STRICT_OBJC_MSGSEND = YES;
				GCC_C_LANGUAGE_STANDARD = gnu99;
				GCC_NO_COMMON_BLOCKS = YES;
				GCC_WARN_64_TO_32_BIT_CONVERSION = YES;
				GCC_WARN_ABOUT_RETURN_TYPE = YES_ERROR;
				GCC_WARN_UNDECLARED_SELECTOR = YES;
				GCC_WARN_UNINITIALIZED_AUTOS = YES_AGGRESSIVE;
				GCC_WARN_UNUSED_FUNCTION = YES;
				GCC_WARN_UNUSED_VARIABLE = YES;
				IPHONEOS_DEPLOYMENT_TARGET = 10.2;
				MTL_ENABLE_DEBUG_INFO = NO;
				SDKROOT = iphoneos;
				SWIFT_OPTIMIZATION_LEVEL = "-Owholemodule";
				VALIDATE_PRODUCT = YES;
			};
			name = Release;
		};
		9047ED6E1E6B090A00406F55 /* Debug */ = {
			isa = XCBuildConfiguration;
			baseConfigurationReference = 1B494AC73BC6CF06594AB1D0 /* Pods-Instagram.debug.xcconfig */;
			buildSettings = {
				ASSETCATALOG_COMPILER_APPICON_NAME = AppIcon;
				DEVELOPMENT_TEAM = 32J7X3GN59;
				INFOPLIST_FILE = Instagram/Info.plist;
				LD_RUNPATH_SEARCH_PATHS = "$(inherited) @executable_path/Frameworks";
				PRODUCT_BUNDLE_IDENTIFIER = JG.Instagram;
				PRODUCT_NAME = "$(TARGET_NAME)";
				SWIFT_VERSION = 3.0;
			};
			name = Debug;
		};
		9047ED6F1E6B090A00406F55 /* Release */ = {
			isa = XCBuildConfiguration;
			baseConfigurationReference = 325168C970EA45292041A0BC /* Pods-Instagram.release.xcconfig */;
			buildSettings = {
				ASSETCATALOG_COMPILER_APPICON_NAME = AppIcon;
				DEVELOPMENT_TEAM = 32J7X3GN59;
				INFOPLIST_FILE = Instagram/Info.plist;
				LD_RUNPATH_SEARCH_PATHS = "$(inherited) @executable_path/Frameworks";
				PRODUCT_BUNDLE_IDENTIFIER = JG.Instagram;
				PRODUCT_NAME = "$(TARGET_NAME)";
				SWIFT_VERSION = 3.0;
			};
			name = Release;
		};
/* End XCBuildConfiguration section */

/* Begin XCConfigurationList section */
		9047ED561E6B090A00406F55 /* Build configuration list for PBXProject "Instagram" */ = {
			isa = XCConfigurationList;
			buildConfigurations = (
				9047ED6B1E6B090A00406F55 /* Debug */,
				9047ED6C1E6B090A00406F55 /* Release */,
			);
			defaultConfigurationIsVisible = 0;
			defaultConfigurationName = Release;
		};
		9047ED6D1E6B090A00406F55 /* Build configuration list for PBXNativeTarget "Instagram" */ = {
			isa = XCConfigurationList;
			buildConfigurations = (
				9047ED6E1E6B090A00406F55 /* Debug */,
				9047ED6F1E6B090A00406F55 /* Release */,
			);
			defaultConfigurationIsVisible = 0;
			defaultConfigurationName = Release;
		};
/* End XCConfigurationList section */
	};
	rootObject = 9047ED531E6B090A00406F55 /* Project object */;
}
